
Microsoft Visual Studio Solution File, Format Version 12.00
# Visual Studio 15
VisualStudioVersion = 15.0.28307.960
MinimumVisualStudioVersion = 10.0.40219.1
Project("{2150E333-8FDC-42A3-9474-1A3956D46DE8}") = "Solution Items", "Solution Items", "{E12C42C0-7235-47D6-8D63-2EF82A2365B0}"
	ProjectSection(SolutionItems) = preProject
		appveyor.yml = appveyor.yml
		Build.ps1 = Build.ps1
		global.json = global.json
		NuGet.config = NuGet.config
		README.md = README.md
	EndProjectSection
EndProject
Project("{9A19103F-16F7-4668-BE54-9A1E7A4F7556}") = "Example", "sample\Example\Example.csproj", "{9D3F02BD-B494-40A9-8C3B-87CBB2A303CE}"
EndProject
Project("{9A19103F-16F7-4668-BE54-9A1E7A4F7556}") = "SerilogTimings", "src\SerilogTimings\SerilogTimings.csproj", "{BA79CAC3-AB40-4C45-A324-C6B3EF793A19}"
EndProject
Project("{9A19103F-16F7-4668-BE54-9A1E7A4F7556}") = "SerilogTimings.Tests", "test\SerilogTimings.Tests\SerilogTimings.Tests.csproj", "{C928DBB1-0A41-4632-9FF3-F40CCA3E94CF}"
EndProject
Global
	GlobalSection(SolutionConfigurationPlatforms) = preSolution
		Debug|Any CPU = Debug|Any CPU
		Release|Any CPU = Release|Any CPU
	EndGlobalSection
	GlobalSection(ProjectConfigurationPlatforms) = postSolution
		{9D3F02BD-B494-40A9-8C3B-87CBB2A303CE}.Debug|Any CPU.ActiveCfg = Debug|Any CPU
		{9D3F02BD-B494-40A9-8C3B-87CBB2A303CE}.Debug|Any CPU.Build.0 = Debug|Any CPU
		{9D3F02BD-B494-40A9-8C3B-87CBB2A303CE}.Release|Any CPU.ActiveCfg = Release|Any CPU
		{9D3F02BD-B494-40A9-8C3B-87CBB2A303CE}.Release|Any CPU.Build.0 = Release|Any CPU
		{BA79CAC3-AB40-4C45-A324-C6B3EF793A19}.Debug|Any CPU.ActiveCfg = Debug|Any CPU
		{BA79CAC3-AB40-4C45-A324-C6B3EF793A19}.Debug|Any CPU.Build.0 = Debug|Any CPU
		{BA79CAC3-AB40-4C45-A324-C6B3EF793A19}.Release|Any CPU.ActiveCfg = Release|Any CPU
		{BA79CAC3-AB40-4C45-A324-C6B3EF793A19}.Release|Any CPU.Build.0 = Release|Any CPU
		{C928DBB1-0A41-4632-9FF3-F40CCA3E94CF}.Debug|Any CPU.ActiveCfg = Debug|Any CPU
		{C928DBB1-0A41-4632-9FF3-F40CCA3E94CF}.Debug|Any CPU.Build.0 = Debug|Any CPU
		{C928DBB1-0A41-4632-9FF3-F40CCA3E94CF}.Release|Any CPU.ActiveCfg = Release|Any CPU
		{C928DBB1-0A41-4632-9FF3-F40CCA3E94CF}.Release|Any CPU.Build.0 = Release|Any CPU
	EndGlobalSection
	GlobalSection(SolutionProperties) = preSolution
		HideSolutionNode = FALSE
	EndGlobalSection
	GlobalSection(ExtensibilityGlobals) = postSolution
		SolutionGuid = {40ABADB3-2874-4351-9FD2-EA0EC916449D}
	EndGlobalSection
EndGlobal
