
Microsoft Visual Studio Solution File, Format Version 12.00
# Visual Studio Version 17
VisualStudioVersion = 17.12.35527.113 d17.12
MinimumVisualStudioVersion = 10.0.40219.1
Project("{2150E333-8FDC-42A3-9474-1A3956D46DE8}") = "Solution Items", "Solution Items", "{E12C42C0-7235-47D6-8D63-2EF82A2365B0}"
	ProjectSection(SolutionItems) = preProject
		appveyor.yml = appveyor.yml
		Build.ps1 = Build.ps1
		global.json = global.json
		NuGet.config = NuGet.config
		README.md = README.md
	EndProjectSection
EndProject
Project("{FAE04EC0-301F-11D3-BF4B-00C04F79EFBC}") = "SerilogTimings", "src\SerilogTimings\SerilogTimings.csproj", "{7F187B76-CFE9-4A22-94B6-8B9CC8FB5554}"
EndProject
Project("{FAE04EC0-301F-11D3-BF4B-00C04F79EFBC}") = "Example", "sample\Example\Example.csproj", "{5392D764-7F5F-460C-B060-DAA23498CBCF}"
EndProject
Project("{FAE04EC0-301F-11D3-BF4B-00C04F79EFBC}") = "SerilogTimings.Tests", "test\SerilogTimings.Tests\SerilogTimings.Tests.csproj", "{7860FA49-8BF2-4C16-9A49-121D6A8BD04A}"
EndProject
Global
	GlobalSection(SolutionConfigurationPlatforms) = preSolution
		Debug|Any CPU = Debug|Any CPU
		Release|Any CPU = Release|Any CPU
	EndGlobalSection
	GlobalSection(ProjectConfigurationPlatforms) = postSolution
		{7F187B76-CFE9-4A22-94B6-8B9CC8FB5554}.Debug|Any CPU.ActiveCfg = Debug|Any CPU
		{7F187B76-CFE9-4A22-94B6-8B9CC8FB5554}.Debug|Any CPU.Build.0 = Debug|Any CPU
		{7F187B76-CFE9-4A22-94B6-8B9CC8FB5554}.Release|Any CPU.ActiveCfg = Release|Any CPU
		{7F187B76-CFE9-4A22-94B6-8B9CC8FB5554}.Release|Any CPU.Build.0 = Release|Any CPU
		{5392D764-7F5F-460C-B060-DAA23498CBCF}.Debug|Any CPU.ActiveCfg = Debug|Any CPU
		{5392D764-7F5F-460C-B060-DAA23498CBCF}.Debug|Any CPU.Build.0 = Debug|Any CPU
		{5392D764-7F5F-460C-B060-DAA23498CBCF}.Release|Any CPU.ActiveCfg = Release|Any CPU
		{5392D764-7F5F-460C-B060-DAA23498CBCF}.Release|Any CPU.Build.0 = Release|Any CPU
		{7860FA49-8BF2-4C16-9A49-121D6A8BD04A}.Debug|Any CPU.ActiveCfg = Debug|Any CPU
		{7860FA49-8BF2-4C16-9A49-121D6A8BD04A}.Debug|Any CPU.Build.0 = Debug|Any CPU
		{7860FA49-8BF2-4C16-9A49-121D6A8BD04A}.Release|Any CPU.ActiveCfg = Release|Any CPU
		{7860FA49-8BF2-4C16-9A49-121D6A8BD04A}.Release|Any CPU.Build.0 = Release|Any CPU
	EndGlobalSection
	GlobalSection(SolutionProperties) = preSolution
		HideSolutionNode = FALSE
	EndGlobalSection
EndGlobal
